// !$*UTF8*$!
{
	archiveVersion = 1;
	classes = {
	};
	objectVersion = 56;
	objects = {

/* Begin PBXBuildFile section */
		611BB9932C4E89BF00FFC28A /* AppDelegate.swift in Sources */ = {isa = PBXBuildFile; fileRef = 611BB9922C4E89BF00FFC28A /* AppDelegate.swift */; };
		611BB9952C4E89BF00FFC28A /* SceneDelegate.swift in Sources */ = {isa = PBXBuildFile; fileRef = 611BB9942C4E89BF00FFC28A /* SceneDelegate.swift */; };
		611BB99C2C4E89C200FFC28A /* Assets.xcassets in Resources */ = {isa = PBXBuildFile; fileRef = 611BB99B2C4E89C200FFC28A /* Assets.xcassets */; };
		611BB9D02C4EA85000FFC28A /* .gitignore in Resources */ = {isa = PBXBuildFile; fileRef = 611BB9CF2C4EA85000FFC28A /* .gitignore */; };
		611BBA112C4FC3F300FFC28A /* BaseView.swift in Sources */ = {isa = PBXBuildFile; fileRef = 611BBA102C4FC3F300FFC28A /* BaseView.swift */; };
		611BBA132C4FC40900FFC28A /* ViewProtocol.swift in Sources */ = {isa = PBXBuildFile; fileRef = 611BBA122C4FC40900FFC28A /* ViewProtocol.swift */; };
		611BBA152C4FC47500FFC28A /* BaseViewController.swift in Sources */ = {isa = PBXBuildFile; fileRef = 611BBA142C4FC47500FFC28A /* BaseViewController.swift */; };
		611BBA182C4FC4AC00FFC28A /* RxCocoa in Frameworks */ = {isa = PBXBuildFile; productRef = 611BBA172C4FC4AC00FFC28A /* RxCocoa */; };
		611BBA1A2C4FC4AC00FFC28A /* RxSwift in Frameworks */ = {isa = PBXBuildFile; productRef = 611BBA192C4FC4AC00FFC28A /* RxSwift */; };
		611BBA1C2C4FC5C300FFC28A /* ViewModelType.swift in Sources */ = {isa = PBXBuildFile; fileRef = 611BBA1B2C4FC5C200FFC28A /* ViewModelType.swift */; };
		611BBA1E2C4FC5F800FFC28A /* Color.swift in Sources */ = {isa = PBXBuildFile; fileRef = 611BBA1D2C4FC5F800FFC28A /* Color.swift */; };
		611BBA202C4FC60A00FFC28A /* Colors.xcassets in Resources */ = {isa = PBXBuildFile; fileRef = 611BBA1F2C4FC60A00FFC28A /* Colors.xcassets */; };
		611BBA222C4FC63800FFC28A /* WeatherView.swift in Sources */ = {isa = PBXBuildFile; fileRef = 611BBA212C4FC63800FFC28A /* WeatherView.swift */; };
		611BBA242C4FC64200FFC28A /* WeatherViewController.swift in Sources */ = {isa = PBXBuildFile; fileRef = 611BBA232C4FC64200FFC28A /* WeatherViewController.swift */; };
		611BBA262C4FC64F00FFC28A /* WeatherViewModel.swift in Sources */ = {isa = PBXBuildFile; fileRef = 611BBA252C4FC64F00FFC28A /* WeatherViewModel.swift */; };
		611BBA282C4FC76F00FFC28A /* SeachView.swift in Sources */ = {isa = PBXBuildFile; fileRef = 611BBA272C4FC76F00FFC28A /* SeachView.swift */; };
		611BBA2A2C4FC77E00FFC28A /* SearchViewController.swift in Sources */ = {isa = PBXBuildFile; fileRef = 611BBA292C4FC77E00FFC28A /* SearchViewController.swift */; };
		611BBA2C2C4FC7CF00FFC28A /* SearchViewModel.swift in Sources */ = {isa = PBXBuildFile; fileRef = 611BBA2B2C4FC7CF00FFC28A /* SearchViewModel.swift */; };
		611BBA552C4FDDC600FFC28A /* SplashViewController.swift in Sources */ = {isa = PBXBuildFile; fileRef = 611BBA542C4FDDC600FFC28A /* SplashViewController.swift */; };
		611BBA5C2C4FDE1000FFC28A /* Lottie in Frameworks */ = {isa = PBXBuildFile; productRef = 611BBA5B2C4FDE1000FFC28A /* Lottie */; };
		611BBA5F2C4FDECF00FFC28A /* Then in Frameworks */ = {isa = PBXBuildFile; productRef = 611BBA5E2C4FDECF00FFC28A /* Then */; };
		611BBA632C4FE0AD00FFC28A /* splashAnimation.json in Resources */ = {isa = PBXBuildFile; fileRef = 611BBA622C4FE0AD00FFC28A /* splashAnimation.json */; };
		611BBA652C4FE4ED00FFC28A /* CityManager.swift in Sources */ = {isa = PBXBuildFile; fileRef = 611BBA642C4FE4ED00FFC28A /* CityManager.swift */; };
		611BBA682C4FE53A00FFC28A /* reduced_citylist.json in Resources */ = {isa = PBXBuildFile; fileRef = 611BBA672C4FE53A00FFC28A /* reduced_citylist.json */; };
		611BBA6A2C4FE55900FFC28A /* City.swift in Sources */ = {isa = PBXBuildFile; fileRef = 611BBA692C4FE55900FFC28A /* City.swift */; };
/* End PBXBuildFile section */

/* Begin PBXFileReference section */
		611BB98F2C4E89BF00FFC28A /* WeatherScanner.app */ = {isa = PBXFileReference; explicitFileType = wrapper.application; includeInIndex = 0; path = WeatherScanner.app; sourceTree = BUILT_PRODUCTS_DIR; };
		611BB9922C4E89BF00FFC28A /* AppDelegate.swift */ = {isa = PBXFileReference; lastKnownFileType = sourcecode.swift; path = AppDelegate.swift; sourceTree = "<group>"; };
		611BB9942C4E89BF00FFC28A /* SceneDelegate.swift */ = {isa = PBXFileReference; lastKnownFileType = sourcecode.swift; path = SceneDelegate.swift; sourceTree = "<group>"; };
		611BB99B2C4E89C200FFC28A /* Assets.xcassets */ = {isa = PBXFileReference; lastKnownFileType = folder.assetcatalog; path = Assets.xcassets; sourceTree = "<group>"; };
		611BB9A02C4E89C200FFC28A /* Info.plist */ = {isa = PBXFileReference; lastKnownFileType = text.plist.xml; name = Info.plist; path = ../Info.plist; sourceTree = "<group>"; };
		611BB9CF2C4EA85000FFC28A /* .gitignore */ = {isa = PBXFileReference; lastKnownFileType = text; path = .gitignore; sourceTree = "<group>"; };
		611BBA102C4FC3F300FFC28A /* BaseView.swift */ = {isa = PBXFileReference; lastKnownFileType = sourcecode.swift; path = BaseView.swift; sourceTree = "<group>"; };
		611BBA122C4FC40900FFC28A /* ViewProtocol.swift */ = {isa = PBXFileReference; lastKnownFileType = sourcecode.swift; path = ViewProtocol.swift; sourceTree = "<group>"; };
		611BBA142C4FC47500FFC28A /* BaseViewController.swift */ = {isa = PBXFileReference; lastKnownFileType = sourcecode.swift; path = BaseViewController.swift; sourceTree = "<group>"; };
		611BBA1B2C4FC5C200FFC28A /* ViewModelType.swift */ = {isa = PBXFileReference; lastKnownFileType = sourcecode.swift; path = ViewModelType.swift; sourceTree = "<group>"; };
		611BBA1D2C4FC5F800FFC28A /* Color.swift */ = {isa = PBXFileReference; lastKnownFileType = sourcecode.swift; path = Color.swift; sourceTree = "<group>"; };
		611BBA1F2C4FC60A00FFC28A /* Colors.xcassets */ = {isa = PBXFileReference; lastKnownFileType = folder.assetcatalog; path = Colors.xcassets; sourceTree = "<group>"; };
		611BBA212C4FC63800FFC28A /* WeatherView.swift */ = {isa = PBXFileReference; lastKnownFileType = sourcecode.swift; path = WeatherView.swift; sourceTree = "<group>"; };
		611BBA232C4FC64200FFC28A /* WeatherViewController.swift */ = {isa = PBXFileReference; lastKnownFileType = sourcecode.swift; path = WeatherViewController.swift; sourceTree = "<group>"; };
		611BBA252C4FC64F00FFC28A /* WeatherViewModel.swift */ = {isa = PBXFileReference; lastKnownFileType = sourcecode.swift; path = WeatherViewModel.swift; sourceTree = "<group>"; };
		611BBA272C4FC76F00FFC28A /* SeachView.swift */ = {isa = PBXFileReference; lastKnownFileType = sourcecode.swift; path = SeachView.swift; sourceTree = "<group>"; };
		611BBA292C4FC77E00FFC28A /* SearchViewController.swift */ = {isa = PBXFileReference; lastKnownFileType = sourcecode.swift; path = SearchViewController.swift; sourceTree = "<group>"; };
		611BBA2B2C4FC7CF00FFC28A /* SearchViewModel.swift */ = {isa = PBXFileReference; lastKnownFileType = sourcecode.swift; path = SearchViewModel.swift; sourceTree = "<group>"; };
		611BBA542C4FDDC600FFC28A /* SplashViewController.swift */ = {isa = PBXFileReference; lastKnownFileType = sourcecode.swift; path = SplashViewController.swift; sourceTree = "<group>"; };
		611BBA622C4FE0AD00FFC28A /* splashAnimation.json */ = {isa = PBXFileReference; fileEncoding = 4; lastKnownFileType = text.json; path = splashAnimation.json; sourceTree = "<group>"; };
		611BBA642C4FE4ED00FFC28A /* CityManager.swift */ = {isa = PBXFileReference; lastKnownFileType = sourcecode.swift; path = CityManager.swift; sourceTree = "<group>"; };
		611BBA672C4FE53A00FFC28A /* reduced_citylist.json */ = {isa = PBXFileReference; fileEncoding = 4; lastKnownFileType = text.json; path = reduced_citylist.json; sourceTree = "<group>"; };
		611BBA692C4FE55900FFC28A /* City.swift */ = {isa = PBXFileReference; lastKnownFileType = sourcecode.swift; path = City.swift; sourceTree = "<group>"; };
/* End PBXFileReference section */

/* Begin PBXFrameworksBuildPhase section */
		611BB98C2C4E89BF00FFC28A /* Frameworks */ = {
			isa = PBXFrameworksBuildPhase;
			buildActionMask = 2147483647;
			files = (
				611BBA1A2C4FC4AC00FFC28A /* RxSwift in Frameworks */,
				611BBA182C4FC4AC00FFC28A /* RxCocoa in Frameworks */,
				611BBA5C2C4FDE1000FFC28A /* Lottie in Frameworks */,
				611BBA5F2C4FDECF00FFC28A /* Then in Frameworks */,
			);
			runOnlyForDeploymentPostprocessing = 0;
		};
/* End PBXFrameworksBuildPhase section */

/* Begin PBXGroup section */
		611BB9862C4E89BF00FFC28A = {
			isa = PBXGroup;
			children = (
				611BB9CF2C4EA85000FFC28A /* .gitignore */,
				611BB9912C4E89BF00FFC28A /* WeatherScanner */,
				611BB9902C4E89BF00FFC28A /* Products */,
			);
			sourceTree = "<group>";
		};
		611BB9902C4E89BF00FFC28A /* Products */ = {
			isa = PBXGroup;
			children = (
				611BB98F2C4E89BF00FFC28A /* WeatherScanner.app */,
			);
			name = Products;
			sourceTree = "<group>";
		};
		611BB9912C4E89BF00FFC28A /* WeatherScanner */ = {
			isa = PBXGroup;
			children = (
				611BB9A02C4E89C200FFC28A /* Info.plist */,
				611BB9D12C4EA95B00FFC28A /* Sources */,
				611BB9B82C4EA70200FFC28A /* Resources */,
			);
			path = WeatherScanner;
			sourceTree = "<group>";
		};
		611BB9B62C4EA67F00FFC28A /* Application */ = {
			isa = PBXGroup;
			children = (
				611BB9922C4E89BF00FFC28A /* AppDelegate.swift */,
				611BB9942C4E89BF00FFC28A /* SceneDelegate.swift */,
			);
			path = Application;
			sourceTree = "<group>";
		};
		611BB9B72C4EA6BD00FFC28A /* Scene */ = {
			isa = PBXGroup;
			children = (
				611BBA522C4FDDB200FFC28A /* Splash */,
				611BB9B92C4EA71400FFC28A /* Weather */,
				611BB9BA2C4EA71B00FFC28A /* Search */,
			);
			path = Scene;
			sourceTree = "<group>";
		};
		611BB9B82C4EA70200FFC28A /* Resources */ = {
			isa = PBXGroup;
			children = (
				611BB99B2C4E89C200FFC28A /* Assets.xcassets */,
				611BBA1F2C4FC60A00FFC28A /* Colors.xcassets */,
			);
			path = Resources;
			sourceTree = "<group>";
		};
		611BB9B92C4EA71400FFC28A /* Weather */ = {
			isa = PBXGroup;
			children = (
				611BB9BF2C4EA75E00FFC28A /* View */,
				611BB9BE2C4EA75A00FFC28A /* ViewModel */,
			);
			path = Weather;
			sourceTree = "<group>";
		};
		611BB9BA2C4EA71B00FFC28A /* Search */ = {
			isa = PBXGroup;
			children = (
				611BB9BD2C4EA75600FFC28A /* View */,
				611BB9BC2C4EA75200FFC28A /* ViewModel */,
			);
			path = Search;
			sourceTree = "<group>";
		};
		611BB9BB2C4EA72500FFC28A /* Util */ = {
			isa = PBXGroup;
			children = (
				611BB9C22C4EA77D00FFC28A /* Manager */,
				611BB9C32C4EA78400FFC28A /* Enum */,
				611BB9C12C4EA77900FFC28A /* Extension */,
				611BB9C02C4EA77200FFC28A /* Protocol */,
			);
			path = Util;
			sourceTree = "<group>";
		};
		611BB9BC2C4EA75200FFC28A /* ViewModel */ = {
			isa = PBXGroup;
			children = (
				611BBA2B2C4FC7CF00FFC28A /* SearchViewModel.swift */,
			);
			path = ViewModel;
			sourceTree = "<group>";
		};
		611BB9BD2C4EA75600FFC28A /* View */ = {
			isa = PBXGroup;
			children = (
				611BBA272C4FC76F00FFC28A /* SeachView.swift */,
				611BBA292C4FC77E00FFC28A /* SearchViewController.swift */,
			);
			path = View;
			sourceTree = "<group>";
		};
		611BB9BE2C4EA75A00FFC28A /* ViewModel */ = {
			isa = PBXGroup;
			children = (
				611BBA252C4FC64F00FFC28A /* WeatherViewModel.swift */,
			);
			path = ViewModel;
			sourceTree = "<group>";
		};
		611BB9BF2C4EA75E00FFC28A /* View */ = {
			isa = PBXGroup;
			children = (
				611BBA212C4FC63800FFC28A /* WeatherView.swift */,
				611BBA232C4FC64200FFC28A /* WeatherViewController.swift */,
			);
			path = View;
			sourceTree = "<group>";
		};
		611BB9C02C4EA77200FFC28A /* Protocol */ = {
			isa = PBXGroup;
			children = (
				611BBA122C4FC40900FFC28A /* ViewProtocol.swift */,
				611BBA1B2C4FC5C200FFC28A /* ViewModelType.swift */,
			);
			path = Protocol;
			sourceTree = "<group>";
		};
		611BB9C12C4EA77900FFC28A /* Extension */ = {
			isa = PBXGroup;
			children = (
			);
			path = Extension;
			sourceTree = "<group>";
		};
		611BB9C22C4EA77D00FFC28A /* Manager */ = {
			isa = PBXGroup;
			children = (
				611BBA642C4FE4ED00FFC28A /* CityManager.swift */,
			);
			path = Manager;
			sourceTree = "<group>";
		};
		611BB9C32C4EA78400FFC28A /* Enum */ = {
			isa = PBXGroup;
			children = (
				611BBA1D2C4FC5F800FFC28A /* Color.swift */,
			);
			path = Enum;
			sourceTree = "<group>";
		};
		611BB9C42C4EA79C00FFC28A /* Base */ = {
			isa = PBXGroup;
			children = (
				611BBA102C4FC3F300FFC28A /* BaseView.swift */,
				611BBA142C4FC47500FFC28A /* BaseViewController.swift */,
			);
			path = Base;
			sourceTree = "<group>";
		};
		611BB9C52C4EA7A400FFC28A /* Network */ = {
			isa = PBXGroup;
			children = (
				611BB9CB2C4EA7D400FFC28A /* Router */,
				611BB9CA2C4EA7CF00FFC28A /* Manager */,
				611BB9C92C4EA7CB00FFC28A /* Error */,
				611BB9C82C4EA7C200FFC28A /* APIKey */,
				611BB9C72C4EA7BE00FFC28A /* Util */,
				611BB9C62C4EA7B700FFC28A /* Query */,
			);
			path = Network;
			sourceTree = "<group>";
		};
		611BB9C62C4EA7B700FFC28A /* Query */ = {
			isa = PBXGroup;
			children = (
			);
			path = Query;
			sourceTree = "<group>";
		};
		611BB9C72C4EA7BE00FFC28A /* Util */ = {
			isa = PBXGroup;
			children = (
			);
			path = Util;
			sourceTree = "<group>";
		};
		611BB9C82C4EA7C200FFC28A /* APIKey */ = {
			isa = PBXGroup;
			children = (
			);
			path = APIKey;
			sourceTree = "<group>";
		};
		611BB9C92C4EA7CB00FFC28A /* Error */ = {
			isa = PBXGroup;
			children = (
			);
			path = Error;
			sourceTree = "<group>";
		};
		611BB9CA2C4EA7CF00FFC28A /* Manager */ = {
			isa = PBXGroup;
			children = (
			);
			path = Manager;
			sourceTree = "<group>";
		};
		611BB9CB2C4EA7D400FFC28A /* Router */ = {
			isa = PBXGroup;
			children = (
			);
			path = Router;
			sourceTree = "<group>";
		};
		611BB9CC2C4EA7DB00FFC28A /* Model */ = {
			isa = PBXGroup;
			children = (
				611BB9CE2C4EA7EE00FFC28A /* Encodable */,
				611BB9CD2C4EA7E900FFC28A /* Decodable */,
			);
			path = Model;
			sourceTree = "<group>";
		};
		611BB9CD2C4EA7E900FFC28A /* Decodable */ = {
			isa = PBXGroup;
			children = (
				611BBA692C4FE55900FFC28A /* City.swift */,
			);
			path = Decodable;
			sourceTree = "<group>";
		};
		611BB9CE2C4EA7EE00FFC28A /* Encodable */ = {
			isa = PBXGroup;
			children = (
			);
			path = Encodable;
			sourceTree = "<group>";
		};
		611BB9D12C4EA95B00FFC28A /* Sources */ = {
			isa = PBXGroup;
			children = (
				611BB9B62C4EA67F00FFC28A /* Application */,
				611BB9BB2C4EA72500FFC28A /* Util */,
				611BB9C42C4EA79C00FFC28A /* Base */,
				611BB9C52C4EA7A400FFC28A /* Network */,
				611BB9CC2C4EA7DB00FFC28A /* Model */,
				611BBA662C4FE52E00FFC28A /* Data */,
				611BB9B72C4EA6BD00FFC28A /* Scene */,
			);
			path = Sources;
			sourceTree = "<group>";
		};
		611BBA522C4FDDB200FFC28A /* Splash */ = {
			isa = PBXGroup;
			children = (
				611BBA532C4FDDB900FFC28A /* View */,
			);
			path = Splash;
			sourceTree = "<group>";
		};
		611BBA532C4FDDB900FFC28A /* View */ = {
			isa = PBXGroup;
			children = (
				611BBA622C4FE0AD00FFC28A /* splashAnimation.json */,
				611BBA542C4FDDC600FFC28A /* SplashViewController.swift */,
			);
			path = View;
			sourceTree = "<group>";
		};
		611BBA662C4FE52E00FFC28A /* Data */ = {
			isa = PBXGroup;
			children = (
				611BBA672C4FE53A00FFC28A /* reduced_citylist.json */,
			);
			name = Data;
			path = ..;
			sourceTree = "<group>";
		};
/* End PBXGroup section */

/* Begin PBXNativeTarget section */
		611BB98E2C4E89BF00FFC28A /* WeatherScanner */ = {
			isa = PBXNativeTarget;
			buildConfigurationList = 611BB9A32C4E89C200FFC28A /* Build configuration list for PBXNativeTarget "WeatherScanner" */;
			buildPhases = (
				611BB98B2C4E89BF00FFC28A /* Sources */,
				611BB98C2C4E89BF00FFC28A /* Frameworks */,
				611BB98D2C4E89BF00FFC28A /* Resources */,
			);
			buildRules = (
			);
			dependencies = (
			);
			name = WeatherScanner;
			packageProductDependencies = (
				611BBA172C4FC4AC00FFC28A /* RxCocoa */,
				611BBA192C4FC4AC00FFC28A /* RxSwift */,
				611BBA5B2C4FDE1000FFC28A /* Lottie */,
				611BBA5E2C4FDECF00FFC28A /* Then */,
			);
			productName = WeatherScanner;
			productReference = 611BB98F2C4E89BF00FFC28A /* WeatherScanner.app */;
			productType = "com.apple.product-type.application";
		};
/* End PBXNativeTarget section */

/* Begin PBXProject section */
		611BB9872C4E89BF00FFC28A /* Project object */ = {
			isa = PBXProject;
			attributes = {
				BuildIndependentTargetsInParallel = 1;
				LastSwiftUpdateCheck = 1530;
				LastUpgradeCheck = 1530;
				TargetAttributes = {
					611BB98E2C4E89BF00FFC28A = {
						CreatedOnToolsVersion = 15.3;
					};
				};
			};
			buildConfigurationList = 611BB98A2C4E89BF00FFC28A /* Build configuration list for PBXProject "WeatherScanner" */;
			compatibilityVersion = "Xcode 14.0";
			developmentRegion = en;
			hasScannedForEncodings = 0;
			knownRegions = (
				en,
				Base,
			);
			mainGroup = 611BB9862C4E89BF00FFC28A;
			packageReferences = (
				611BBA162C4FC4AC00FFC28A /* XCRemoteSwiftPackageReference "RxSwift" */,
				611BBA5A2C4FDE1000FFC28A /* XCRemoteSwiftPackageReference "lottie-ios" */,
				611BBA5D2C4FDECF00FFC28A /* XCRemoteSwiftPackageReference "Then" */,
			);
			productRefGroup = 611BB9902C4E89BF00FFC28A /* Products */;
			projectDirPath = "";
			projectRoot = "";
			targets = (
				611BB98E2C4E89BF00FFC28A /* WeatherScanner */,
			);
		};
/* End PBXProject section */

/* Begin PBXResourcesBuildPhase section */
		611BB98D2C4E89BF00FFC28A /* Resources */ = {
			isa = PBXResourcesBuildPhase;
			buildActionMask = 2147483647;
			files = (
				611BBA202C4FC60A00FFC28A /* Colors.xcassets in Resources */,
				611BBA682C4FE53A00FFC28A /* reduced_citylist.json in Resources */,
				611BBA632C4FE0AD00FFC28A /* splashAnimation.json in Resources */,
				611BB9D02C4EA85000FFC28A /* .gitignore in Resources */,
				611BB99C2C4E89C200FFC28A /* Assets.xcassets in Resources */,
			);
			runOnlyForDeploymentPostprocessing = 0;
		};
/* End PBXResourcesBuildPhase section */

/* Begin PBXSourcesBuildPhase section */
		611BB98B2C4E89BF00FFC28A /* Sources */ = {
			isa = PBXSourcesBuildPhase;
			buildActionMask = 2147483647;
			files = (
				611BBA152C4FC47500FFC28A /* BaseViewController.swift in Sources */,
				611BBA242C4FC64200FFC28A /* WeatherViewController.swift in Sources */,
				611BBA652C4FE4ED00FFC28A /* CityManager.swift in Sources */,
				611BBA112C4FC3F300FFC28A /* BaseView.swift in Sources */,
				611BBA282C4FC76F00FFC28A /* SeachView.swift in Sources */,
				611BBA1E2C4FC5F800FFC28A /* Color.swift in Sources */,
				611BBA552C4FDDC600FFC28A /* SplashViewController.swift in Sources */,
				611BBA2C2C4FC7CF00FFC28A /* SearchViewModel.swift in Sources */,
				611BBA1C2C4FC5C300FFC28A /* ViewModelType.swift in Sources */,
				611BBA2A2C4FC77E00FFC28A /* SearchViewController.swift in Sources */,
				611BBA262C4FC64F00FFC28A /* WeatherViewModel.swift in Sources */,
				611BB9932C4E89BF00FFC28A /* AppDelegate.swift in Sources */,
				611BBA132C4FC40900FFC28A /* ViewProtocol.swift in Sources */,
				611BB9952C4E89BF00FFC28A /* SceneDelegate.swift in Sources */,
				611BBA6A2C4FE55900FFC28A /* City.swift in Sources */,
				611BBA222C4FC63800FFC28A /* WeatherView.swift in Sources */,
			);
			runOnlyForDeploymentPostprocessing = 0;
		};
/* End PBXSourcesBuildPhase section */

/* Begin XCBuildConfiguration section */
		611BB9A12C4E89C200FFC28A /* Debug */ = {
			isa = XCBuildConfiguration;
			buildSettings = {
				ALWAYS_SEARCH_USER_PATHS = NO;
				ASSETCATALOG_COMPILER_GENERATE_SWIFT_ASSET_SYMBOL_EXTENSIONS = YES;
				CLANG_ANALYZER_NONNULL = YES;
				CLANG_ANALYZER_NUMBER_OBJECT_CONVERSION = YES_AGGRESSIVE;
				CLANG_CXX_LANGUAGE_STANDARD = "gnu++20";
				CLANG_ENABLE_MODULES = YES;
				CLANG_ENABLE_OBJC_ARC = YES;
				CLANG_ENABLE_OBJC_WEAK = YES;
				CLANG_WARN_BLOCK_CAPTURE_AUTORELEASING = YES;
				CLANG_WARN_BOOL_CONVERSION = YES;
				CLANG_WARN_COMMA = YES;
				CLANG_WARN_CONSTANT_CONVERSION = YES;
				CLANG_WARN_DEPRECATED_OBJC_IMPLEMENTATIONS = YES;
				CLANG_WARN_DIRECT_OBJC_ISA_USAGE = YES_ERROR;
				CLANG_WARN_DOCUMENTATION_COMMENTS = YES;
				CLANG_WARN_EMPTY_BODY = YES;
				CLANG_WARN_ENUM_CONVERSION = YES;
				CLANG_WARN_INFINITE_RECURSION = YES;
				CLANG_WARN_INT_CONVERSION = YES;
				CLANG_WARN_NON_LITERAL_NULL_CONVERSION = YES;
				CLANG_WARN_OBJC_IMPLICIT_RETAIN_SELF = YES;
				CLANG_WARN_OBJC_LITERAL_CONVERSION = YES;
				CLANG_WARN_OBJC_ROOT_CLASS = YES_ERROR;
				CLANG_WARN_QUOTED_INCLUDE_IN_FRAMEWORK_HEADER = YES;
				CLANG_WARN_RANGE_LOOP_ANALYSIS = YES;
				CLANG_WARN_STRICT_PROTOTYPES = YES;
				CLANG_WARN_SUSPICIOUS_MOVE = YES;
				CLANG_WARN_UNGUARDED_AVAILABILITY = YES_AGGRESSIVE;
				CLANG_WARN_UNREACHABLE_CODE = YES;
				CLANG_WARN__DUPLICATE_METHOD_MATCH = YES;
				COPY_PHASE_STRIP = NO;
				DEBUG_INFORMATION_FORMAT = dwarf;
				ENABLE_STRICT_OBJC_MSGSEND = YES;
				ENABLE_TESTABILITY = YES;
				ENABLE_USER_SCRIPT_SANDBOXING = YES;
				GCC_C_LANGUAGE_STANDARD = gnu17;
				GCC_DYNAMIC_NO_PIC = NO;
				GCC_NO_COMMON_BLOCKS = YES;
				GCC_OPTIMIZATION_LEVEL = 0;
				GCC_PREPROCESSOR_DEFINITIONS = (
					"DEBUG=1",
					"$(inherited)",
				);
				GCC_WARN_64_TO_32_BIT_CONVERSION = YES;
				GCC_WARN_ABOUT_RETURN_TYPE = YES_ERROR;
				GCC_WARN_UNDECLARED_SELECTOR = YES;
				GCC_WARN_UNINITIALIZED_AUTOS = YES_AGGRESSIVE;
				GCC_WARN_UNUSED_FUNCTION = YES;
				GCC_WARN_UNUSED_VARIABLE = YES;
				IPHONEOS_DEPLOYMENT_TARGET = 17.4;
				LOCALIZATION_PREFERS_STRING_CATALOGS = YES;
				MTL_ENABLE_DEBUG_INFO = INCLUDE_SOURCE;
				MTL_FAST_MATH = YES;
				ONLY_ACTIVE_ARCH = YES;
				SDKROOT = iphoneos;
				SWIFT_ACTIVE_COMPILATION_CONDITIONS = "DEBUG $(inherited)";
				SWIFT_OPTIMIZATION_LEVEL = "-Onone";
			};
			name = Debug;
		};
		611BB9A22C4E89C200FFC28A /* Release */ = {
			isa = XCBuildConfiguration;
			buildSettings = {
				ALWAYS_SEARCH_USER_PATHS = NO;
				ASSETCATALOG_COMPILER_GENERATE_SWIFT_ASSET_SYMBOL_EXTENSIONS = YES;
				CLANG_ANALYZER_NONNULL = YES;
				CLANG_ANALYZER_NUMBER_OBJECT_CONVERSION = YES_AGGRESSIVE;
				CLANG_CXX_LANGUAGE_STANDARD = "gnu++20";
				CLANG_ENABLE_MODULES = YES;
				CLANG_ENABLE_OBJC_ARC = YES;
				CLANG_ENABLE_OBJC_WEAK = YES;
				CLANG_WARN_BLOCK_CAPTURE_AUTORELEASING = YES;
				CLANG_WARN_BOOL_CONVERSION = YES;
				CLANG_WARN_COMMA = YES;
				CLANG_WARN_CONSTANT_CONVERSION = YES;
				CLANG_WARN_DEPRECATED_OBJC_IMPLEMENTATIONS = YES;
				CLANG_WARN_DIRECT_OBJC_ISA_USAGE = YES_ERROR;
				CLANG_WARN_DOCUMENTATION_COMMENTS = YES;
				CLANG_WARN_EMPTY_BODY = YES;
				CLANG_WARN_ENUM_CONVERSION = YES;
				CLANG_WARN_INFINITE_RECURSION = YES;
				CLANG_WARN_INT_CONVERSION = YES;
				CLANG_WARN_NON_LITERAL_NULL_CONVERSION = YES;
				CLANG_WARN_OBJC_IMPLICIT_RETAIN_SELF = YES;
				CLANG_WARN_OBJC_LITERAL_CONVERSION = YES;
				CLANG_WARN_OBJC_ROOT_CLASS = YES_ERROR;
				CLANG_WARN_QUOTED_INCLUDE_IN_FRAMEWORK_HEADER = YES;
				CLANG_WARN_RANGE_LOOP_ANALYSIS = YES;
				CLANG_WARN_STRICT_PROTOTYPES = YES;
				CLANG_WARN_SUSPICIOUS_MOVE = YES;
				CLANG_WARN_UNGUARDED_AVAILABILITY = YES_AGGRESSIVE;
				CLANG_WARN_UNREACHABLE_CODE = YES;
				CLANG_WARN__DUPLICATE_METHOD_MATCH = YES;
				COPY_PHASE_STRIP = NO;
				DEBUG_INFORMATION_FORMAT = "dwarf-with-dsym";
				ENABLE_NS_ASSERTIONS = NO;
				ENABLE_STRICT_OBJC_MSGSEND = YES;
				ENABLE_USER_SCRIPT_SANDBOXING = YES;
				GCC_C_LANGUAGE_STANDARD = gnu17;
				GCC_NO_COMMON_BLOCKS = YES;
				GCC_WARN_64_TO_32_BIT_CONVERSION = YES;
				GCC_WARN_ABOUT_RETURN_TYPE = YES_ERROR;
				GCC_WARN_UNDECLARED_SELECTOR = YES;
				GCC_WARN_UNINITIALIZED_AUTOS = YES_AGGRESSIVE;
				GCC_WARN_UNUSED_FUNCTION = YES;
				GCC_WARN_UNUSED_VARIABLE = YES;
				IPHONEOS_DEPLOYMENT_TARGET = 17.4;
				LOCALIZATION_PREFERS_STRING_CATALOGS = YES;
				MTL_ENABLE_DEBUG_INFO = NO;
				MTL_FAST_MATH = YES;
				SDKROOT = iphoneos;
				SWIFT_COMPILATION_MODE = wholemodule;
				VALIDATE_PRODUCT = YES;
			};
			name = Release;
		};
		611BB9A42C4E89C200FFC28A /* Debug */ = {
			isa = XCBuildConfiguration;
			buildSettings = {
				ASSETCATALOG_COMPILER_APPICON_NAME = AppIcon;
				ASSETCATALOG_COMPILER_GLOBAL_ACCENT_COLOR_NAME = AccentColor;
				CODE_SIGN_STYLE = Automatic;
				CURRENT_PROJECT_VERSION = 1;
				DEVELOPMENT_TEAM = T2Q8P9627P;
				GENERATE_INFOPLIST_FILE = YES;
				INFOPLIST_FILE = WeatherScanner/Info.plist;
				INFOPLIST_KEY_UIApplicationSupportsIndirectInputEvents = YES;
				INFOPLIST_KEY_UILaunchStoryboardName = LaunchScreen;
				INFOPLIST_KEY_UISupportedInterfaceOrientations = UIInterfaceOrientationPortrait;
				INFOPLIST_KEY_UISupportedInterfaceOrientations_iPad = "UIInterfaceOrientationLandscapeLeft UIInterfaceOrientationLandscapeRight UIInterfaceOrientationPortrait UIInterfaceOrientationPortraitUpsideDown";
				IPHONEOS_DEPLOYMENT_TARGET = 13.0;
				LD_RUNPATH_SEARCH_PATHS = (
					"$(inherited)",
					"@executable_path/Frameworks",
				);
				MARKETING_VERSION = 1.0;
				PRODUCT_BUNDLE_IDENTIFIER = com.yuz.WeatherScanner;
				PRODUCT_NAME = "$(TARGET_NAME)";
				SUPPORTED_PLATFORMS = "iphoneos iphonesimulator";
				SUPPORTS_MACCATALYST = NO;
				SUPPORTS_MAC_DESIGNED_FOR_IPHONE_IPAD = NO;
				SUPPORTS_XR_DESIGNED_FOR_IPHONE_IPAD = NO;
				SWIFT_EMIT_LOC_STRINGS = YES;
				SWIFT_VERSION = 5.0;
				TARGETED_DEVICE_FAMILY = 1;
			};
			name = Debug;
		};
		611BB9A52C4E89C200FFC28A /* Release */ = {
			isa = XCBuildConfiguration;
			buildSettings = {
				ASSETCATALOG_COMPILER_APPICON_NAME = AppIcon;
				ASSETCATALOG_COMPILER_GLOBAL_ACCENT_COLOR_NAME = AccentColor;
				CODE_SIGN_STYLE = Automatic;
				CURRENT_PROJECT_VERSION = 1;
				DEVELOPMENT_TEAM = T2Q8P9627P;
				GENERATE_INFOPLIST_FILE = YES;
				INFOPLIST_FILE = WeatherScanner/Info.plist;
				INFOPLIST_KEY_UIApplicationSupportsIndirectInputEvents = YES;
				INFOPLIST_KEY_UILaunchStoryboardName = LaunchScreen;
				INFOPLIST_KEY_UISupportedInterfaceOrientations = UIInterfaceOrientationPortrait;
				INFOPLIST_KEY_UISupportedInterfaceOrientations_iPad = "UIInterfaceOrientationLandscapeLeft UIInterfaceOrientationLandscapeRight UIInterfaceOrientationPortrait UIInterfaceOrientationPortraitUpsideDown";
				IPHONEOS_DEPLOYMENT_TARGET = 13.0;
				LD_RUNPATH_SEARCH_PATHS = (
					"$(inherited)",
					"@executable_path/Frameworks",
				);
				MARKETING_VERSION = 1.0;
				PRODUCT_BUNDLE_IDENTIFIER = com.yuz.WeatherScanner;
				PRODUCT_NAME = "$(TARGET_NAME)";
				SUPPORTED_PLATFORMS = "iphoneos iphonesimulator";
				SUPPORTS_MACCATALYST = NO;
				SUPPORTS_MAC_DESIGNED_FOR_IPHONE_IPAD = NO;
				SUPPORTS_XR_DESIGNED_FOR_IPHONE_IPAD = NO;
				SWIFT_EMIT_LOC_STRINGS = YES;
				SWIFT_VERSION = 5.0;
				TARGETED_DEVICE_FAMILY = 1;
			};
			name = Release;
		};
/* End XCBuildConfiguration section */

/* Begin XCConfigurationList section */
		611BB98A2C4E89BF00FFC28A /* Build configuration list for PBXProject "WeatherScanner" */ = {
			isa = XCConfigurationList;
			buildConfigurations = (
				611BB9A12C4E89C200FFC28A /* Debug */,
				611BB9A22C4E89C200FFC28A /* Release */,
			);
			defaultConfigurationIsVisible = 0;
			defaultConfigurationName = Release;
		};
		611BB9A32C4E89C200FFC28A /* Build configuration list for PBXNativeTarget "WeatherScanner" */ = {
			isa = XCConfigurationList;
			buildConfigurations = (
				611BB9A42C4E89C200FFC28A /* Debug */,
				611BB9A52C4E89C200FFC28A /* Release */,
			);
			defaultConfigurationIsVisible = 0;
			defaultConfigurationName = Release;
		};
/* End XCConfigurationList section */

/* Begin XCRemoteSwiftPackageReference section */
		611BBA162C4FC4AC00FFC28A /* XCRemoteSwiftPackageReference "RxSwift" */ = {
			isa = XCRemoteSwiftPackageReference;
			repositoryURL = "https://github.com/ReactiveX/RxSwift";
			requirement = {
				kind = upToNextMajorVersion;
				minimumVersion = 6.7.1;
			};
		};
		611BBA5A2C4FDE1000FFC28A /* XCRemoteSwiftPackageReference "lottie-ios" */ = {
			isa = XCRemoteSwiftPackageReference;
			repositoryURL = "https://github.com/airbnb/lottie-ios.git";
			requirement = {
				kind = upToNextMajorVersion;
				minimumVersion = 4.5.0;
			};
		};
		611BBA5D2C4FDECF00FFC28A /* XCRemoteSwiftPackageReference "Then" */ = {
			isa = XCRemoteSwiftPackageReference;
			repositoryURL = "https://github.com/devxoul/Then";
			requirement = {
				kind = upToNextMajorVersion;
				minimumVersion = 3.0.0;
			};
		};
/* End XCRemoteSwiftPackageReference section */

/* Begin XCSwiftPackageProductDependency section */
		611BBA172C4FC4AC00FFC28A /* RxCocoa */ = {
			isa = XCSwiftPackageProductDependency;
			package = 611BBA162C4FC4AC00FFC28A /* XCRemoteSwiftPackageReference "RxSwift" */;
			productName = RxCocoa;
		};
		611BBA192C4FC4AC00FFC28A /* RxSwift */ = {
			isa = XCSwiftPackageProductDependency;
			package = 611BBA162C4FC4AC00FFC28A /* XCRemoteSwiftPackageReference "RxSwift" */;
			productName = RxSwift;
		};
		611BBA5B2C4FDE1000FFC28A /* Lottie */ = {
			isa = XCSwiftPackageProductDependency;
			package = 611BBA5A2C4FDE1000FFC28A /* XCRemoteSwiftPackageReference "lottie-ios" */;
			productName = Lottie;
		};
		611BBA5E2C4FDECF00FFC28A /* Then */ = {
			isa = XCSwiftPackageProductDependency;
			package = 611BBA5D2C4FDECF00FFC28A /* XCRemoteSwiftPackageReference "Then" */;
			productName = Then;
		};
/* End XCSwiftPackageProductDependency section */
	};
	rootObject = 611BB9872C4E89BF00FFC28A /* Project object */;
}
